
Microsoft Visual Studio Solution File, Format Version 12.00
# Visual Studio Version 16
VisualStudioVersion = 16.0.29709.97
MinimumVisualStudioVersion = 10.0.40219.1
Project("{FAE04EC0-301F-11D3-BF4B-00C04F79EFBC}") = "WebApiUtilities", "WebApiUtilities\WebApiUtilities.csproj", "{0FDB26D9-8F65-454D-9912-60A42AEE7B5B}"
EndProject
Project("{FAE04EC0-301F-11D3-BF4B-00C04F79EFBC}") = "TodoExampleApi", "TodoExampleApi\TodoExampleApi.csproj", "{3D7C6170-BBE0-486B-AF79-6C951A6BC684}"
EndProject
Global
	GlobalSection(SolutionConfigurationPlatforms) = preSolution
		Debug|Any CPU = Debug|Any CPU
		Release|Any CPU = Release|Any CPU
	EndGlobalSection
	GlobalSection(ProjectConfigurationPlatforms) = postSolution
		{0FDB26D9-8F65-454D-9912-60A42AEE7B5B}.Debug|Any CPU.ActiveCfg = Debug|Any CPU
		{0FDB26D9-8F65-454D-9912-60A42AEE7B5B}.Debug|Any CPU.Build.0 = Debug|Any CPU
		{0FDB26D9-8F65-454D-9912-60A42AEE7B5B}.Release|Any CPU.ActiveCfg = Release|Any CPU
		{0FDB26D9-8F65-454D-9912-60A42AEE7B5B}.Release|Any CPU.Build.0 = Release|Any CPU
		{3D7C6170-BBE0-486B-AF79-6C951A6BC684}.Debug|Any CPU.ActiveCfg = Debug|Any CPU
		{3D7C6170-BBE0-486B-AF79-6C951A6BC684}.Debug|Any CPU.Build.0 = Debug|Any CPU
		{3D7C6170-BBE0-486B-AF79-6C951A6BC684}.Release|Any CPU.ActiveCfg = Release|Any CPU
		{3D7C6170-BBE0-486B-AF79-6C951A6BC684}.Release|Any CPU.Build.0 = Release|Any CPU
	EndGlobalSection
	GlobalSection(SolutionProperties) = preSolution
		HideSolutionNode = FALSE
	EndGlobalSection
	GlobalSection(ExtensibilityGlobals) = postSolution
		SolutionGuid = {29309879-1E3B-4467-92C1-2CD94BDE3118}
	EndGlobalSection
EndGlobal
